
Microsoft Visual Studio Solution File, Format Version 12.00
# Visual Studio 15
VisualStudioVersion = 15.0.28307.1145
MinimumVisualStudioVersion = 10.0.40219.1
Project("{FAE04EC0-301F-11D3-BF4B-00C04F79EFBC}") = "Dummy Application", "Dummy Application\Dummy Application.csproj", "{9873B6DC-0499-4FAB-A1E6-B3DE0656A99D}"
EndProject
Global
	GlobalSection(SolutionConfigurationPlatforms) = preSolution
		Debug|Any CPU = Debug|Any CPU
		Release|Any CPU = Release|Any CPU
	EndGlobalSection
	GlobalSection(ProjectConfigurationPlatforms) = postSolution
		{9873B6DC-0499-4FAB-A1E6-B3DE0656A99D}.Debug|Any CPU.ActiveCfg = Debug|Any CPU
		{9873B6DC-0499-4FAB-A1E6-B3DE0656A99D}.Debug|Any CPU.Build.0 = Debug|Any CPU
		{9873B6DC-0499-4FAB-A1E6-B3DE0656A99D}.Release|Any CPU.ActiveCfg = Release|Any CPU
		{9873B6DC-0499-4FAB-A1E6-B3DE0656A99D}.Release|Any CPU.Build.0 = Release|Any CPU
	EndGlobalSection
	GlobalSection(SolutionProperties) = preSolution
		HideSolutionNode = FALSE
	EndGlobalSection
	GlobalSection(ExtensibilityGlobals) = postSolution
		SolutionGuid = {1FE0219E-9D1C-4645-BC36-A4395CDC3A13}
	EndGlobalSection
EndGlobal
